
Microsoft Visual Studio Solution File, Format Version 12.00
# Visual Studio Version 17
VisualStudioVersion = 17.9.34622.214
MinimumVisualStudioVersion = 10.0.40219.1
Project("{FAE04EC0-301F-11D3-BF4B-00C04F79EFBC}") = "AppSnake", "AppSnake.csproj", "{F1FE3552-0E67-43DA-A3F5-F5A48D6E38B1}"
EndProject
Global
	GlobalSection(SolutionConfigurationPlatforms) = preSolution
		Debug|Any CPU = Debug|Any CPU
		Release|Any CPU = Release|Any CPU
	EndGlobalSection
	GlobalSection(ProjectConfigurationPlatforms) = postSolution
		{F1FE3552-0E67-43DA-A3F5-F5A48D6E38B1}.Debug|Any CPU.ActiveCfg = Debug|Any CPU
		{F1FE3552-0E67-43DA-A3F5-F5A48D6E38B1}.Debug|Any CPU.Build.0 = Debug|Any CPU
		{F1FE3552-0E67-43DA-A3F5-F5A48D6E38B1}.Release|Any CPU.ActiveCfg = Release|Any CPU
		{F1FE3552-0E67-43DA-A3F5-F5A48D6E38B1}.Release|Any CPU.Build.0 = Release|Any CPU
	EndGlobalSection
	GlobalSection(SolutionProperties) = preSolution
		HideSolutionNode = FALSE
	EndGlobalSection
	GlobalSection(ExtensibilityGlobals) = postSolution
		SolutionGuid = {BDA1CD58-CC87-438A-B2A8-2878B3345E88}
	EndGlobalSection
EndGlobal
